
Microsoft Visual Studio Solution File, Format Version 12.00
# Visual Studio 2012
Project("{FAE04EC0-301F-11D3-BF4B-00C04F79EFBC}") = "Karkas.OnaylamaOrnek.MvcApp", "Karkas.OnaylamaOrnek.MvcApp\Karkas.OnaylamaOrnek.MvcApp.csproj", "{9B6E3463-A001-4EEB-83FF-F31A18E4858D}"
EndProject
Global
	GlobalSection(SolutionConfigurationPlatforms) = preSolution
		Debug|Any CPU = Debug|Any CPU
		Release|Any CPU = Release|Any CPU
	EndGlobalSection
	GlobalSection(ProjectConfigurationPlatforms) = postSolution
		{9B6E3463-A001-4EEB-83FF-F31A18E4858D}.Debug|Any CPU.ActiveCfg = Debug|Any CPU
		{9B6E3463-A001-4EEB-83FF-F31A18E4858D}.Debug|Any CPU.Build.0 = Debug|Any CPU
		{9B6E3463-A001-4EEB-83FF-F31A18E4858D}.Release|Any CPU.ActiveCfg = Release|Any CPU
		{9B6E3463-A001-4EEB-83FF-F31A18E4858D}.Release|Any CPU.Build.0 = Release|Any CPU
	EndGlobalSection
	GlobalSection(SolutionProperties) = preSolution
		HideSolutionNode = FALSE
	EndGlobalSection
EndGlobal
